// !$*UTF8*$!
{
	archiveVersion = 1;
	classes = {
	};
	objectVersion = 46;
	objects = {

/* Begin PBXBuildFile section */
		EF6DE0A31D2BA7600081909B /* main.m in Sources */ = {isa = PBXBuildFile; fileRef = EF6DE0A21D2BA7600081909B /* main.m */; };
		EF6DE0A61D2BA7600081909B /* AppDelegate.m in Sources */ = {isa = PBXBuildFile; fileRef = EF6DE0A51D2BA7600081909B /* AppDelegate.m */; };
		EF6DE0A91D2BA7600081909B /* ViewController.m in Sources */ = {isa = PBXBuildFile; fileRef = EF6DE0A81D2BA7600081909B /* ViewController.m */; };
		EF6DE0AC1D2BA7600081909B /* Main.storyboard in Resources */ = {isa = PBXBuildFile; fileRef = EF6DE0AA1D2BA7600081909B /* Main.storyboard */; };
		EF6DE0AE1D2BA7600081909B /* Assets.xcassets in Resources */ = {isa = PBXBuildFile; fileRef = EF6DE0AD1D2BA7600081909B /* Assets.xcassets */; };
		EF6DE0B11D2BA7600081909B /* LaunchScreen.storyboard in Resources */ = {isa = PBXBuildFile; fileRef = EF6DE0AF1D2BA7600081909B /* LaunchScreen.storyboard */; };
		EF6DE0BC1D2BA7600081909B /* QGmenuTests.m in Sources */ = {isa = PBXBuildFile; fileRef = EF6DE0BB1D2BA7600081909B /* QGmenuTests.m */; };
		EF6DE0C71D2BA7600081909B /* QGmenuUITests.m in Sources */ = {isa = PBXBuildFile; fileRef = EF6DE0C61D2BA7600081909B /* QGmenuUITests.m */; };
		EF6DE0D61D2BA7D50081909B /* qgTableViewController.m in Sources */ = {isa = PBXBuildFile; fileRef = EF6DE0D51D2BA7D50081909B /* qgTableViewController.m */; };
/* End PBXBuildFile section */

/* Begin PBXContainerItemProxy section */
		EF6DE0B81D2BA7600081909B /* PBXContainerItemProxy */ = {
			isa = PBXContainerItemProxy;
			containerPortal = EF6DE0961D2BA7600081909B /* Project object */;
			proxyType = 1;
			remoteGlobalIDString = EF6DE09D1D2BA7600081909B;
			remoteInfo = QGmenu;
		};
		EF6DE0C31D2BA7600081909B /* PBXContainerItemProxy */ = {
			isa = PBXContainerItemProxy;
			containerPortal = EF6DE0961D2BA7600081909B /* Project object */;
			proxyType = 1;
			remoteGlobalIDString = EF6DE09D1D2BA7600081909B;
			remoteInfo = QGmenu;
		};
/* End PBXContainerItemProxy section */

/* Begin PBXFileReference section */
		EF6DE09E1D2BA7600081909B /* QGmenu.app */ = {isa = PBXFileReference; explicitFileType = wrapper.application; includeInIndex = 0; path = QGmenu.app; sourceTree = BUILT_PRODUCTS_DIR; };
		EF6DE0A21D2BA7600081909B /* main.m */ = {isa = PBXFileReference; lastKnownFileType = sourcecode.c.objc; path = main.m; sourceTree = "<group>"; };
		EF6DE0A41D2BA7600081909B /* AppDelegate.h */ = {isa = PBXFileReference; lastKnownFileType = sourcecode.c.h; path = AppDelegate.h; sourceTree = "<group>"; };
		EF6DE0A51D2BA7600081909B /* AppDelegate.m */ = {isa = PBXFileReference; lastKnownFileType = sourcecode.c.objc; path = AppDelegate.m; sourceTree = "<group>"; };
		EF6DE0A71D2BA7600081909B /* ViewController.h */ = {isa = PBXFileReference; lastKnownFileType = sourcecode.c.h; path = ViewController.h; sourceTree = "<group>"; };
		EF6DE0A81D2BA7600081909B /* ViewController.m */ = {isa = PBXFileReference; lastKnownFileType = sourcecode.c.objc; path = ViewController.m; sourceTree = "<group>"; };
		EF6DE0AB1D2BA7600081909B /* Base */ = {isa = PBXFileReference; lastKnownFileType = file.storyboard; name = Base; path = Base.lproj/Main.storyboard; sourceTree = "<group>"; };
		EF6DE0AD1D2BA7600081909B /* Assets.xcassets */ = {isa = PBXFileReference; lastKnownFileType = folder.assetcatalog; path = Assets.xcassets; sourceTree = "<group>"; };
		EF6DE0B01D2BA7600081909B /* Base */ = {isa = PBXFileReference; lastKnownFileType = file.storyboard; name = Base; path = Base.lproj/LaunchScreen.storyboard; sourceTree = "<group>"; };
		EF6DE0B21D2BA7600081909B /* Info.plist */ = {isa = PBXFileReference; lastKnownFileType = text.plist.xml; path = Info.plist; sourceTree = "<group>"; };
		EF6DE0B71D2BA7600081909B /* QGmenuTests.xctest */ = {isa = PBXFileReference; explicitFileType = wrapper.cfbundle; includeInIndex = 0; path = QGmenuTests.xctest; sourceTree = BUILT_PRODUCTS_DIR; };
		EF6DE0BB1D2BA7600081909B /* QGmenuTests.m */ = {isa = PBXFileReference; lastKnownFileType = sourcecode.c.objc; path = QGmenuTests.m; sourceTree = "<group>"; };
		EF6DE0BD1D2BA7600081909B /* Info.plist */ = {isa = PBXFileReference; lastKnownFileType = text.plist.xml; path = Info.plist; sourceTree = "<group>"; };
		EF6DE0C21D2BA7600081909B /* QGmenuUITests.xctest */ = {isa = PBXFileReference; explicitFileType = wrapper.cfbundle; includeInIndex = 0; path = QGmenuUITests.xctest; sourceTree = BUILT_PRODUCTS_DIR; };
		EF6DE0C61D2BA7600081909B /* QGmenuUITests.m */ = {isa = PBXFileReference; lastKnownFileType = sourcecode.c.objc; path = QGmenuUITests.m; sourceTree = "<group>"; };
		EF6DE0C81D2BA7600081909B /* Info.plist */ = {isa = PBXFileReference; lastKnownFileType = text.plist.xml; path = Info.plist; sourceTree = "<group>"; };
		EF6DE0D41D2BA7D50081909B /* qgTableViewController.h */ = {isa = PBXFileReference; fileEncoding = 4; lastKnownFileType = sourcecode.c.h; path = qgTableViewController.h; sourceTree = "<group>"; };
		EF6DE0D51D2BA7D50081909B /* qgTableViewController.m */ = {isa = PBXFileReference; fileEncoding = 4; lastKnownFileType = sourcecode.c.objc; path = qgTableViewController.m; sourceTree = "<group>"; };
/* End PBXFileReference section */

/* Begin PBXFrameworksBuildPhase section */
		EF6DE09B1D2BA7600081909B /* Frameworks */ = {
			isa = PBXFrameworksBuildPhase;
			buildActionMask = 2147483647;
			files = (
			);
			runOnlyForDeploymentPostprocessing = 0;
		};
		EF6DE0B41D2BA7600081909B /* Frameworks */ = {
			isa = PBXFrameworksBuildPhase;
			buildActionMask = 2147483647;
			files = (
			);
			runOnlyForDeploymentPostprocessing = 0;
		};
		EF6DE0BF1D2BA7600081909B /* Frameworks */ = {
			isa = PBXFrameworksBuildPhase;
			buildActionMask = 2147483647;
			files = (
			);
			runOnlyForDeploymentPostprocessing = 0;
		};
/* End PBXFrameworksBuildPhase section */

/* Begin PBXGroup section */
		EF6DE0951D2BA7600081909B = {
			isa = PBXGroup;
			children = (
				EF6DE0A01D2BA7600081909B /* QGmenu */,
				EF6DE0BA1D2BA7600081909B /* QGmenuTests */,
				EF6DE0C51D2BA7600081909B /* QGmenuUITests */,
				EF6DE09F1D2BA7600081909B /* Products */,
			);
			sourceTree = "<group>";
		};
		EF6DE09F1D2BA7600081909B /* Products */ = {
			isa = PBXGroup;
			children = (
				EF6DE09E1D2BA7600081909B /* QGmenu.app */,
				EF6DE0B71D2BA7600081909B /* QGmenuTests.xctest */,
				EF6DE0C21D2BA7600081909B /* QGmenuUITests.xctest */,
			);
			name = Products;
			sourceTree = "<group>";
		};
		EF6DE0A01D2BA7600081909B /* QGmenu */ = {
			isa = PBXGroup;
			children = (
				EF6DE0A41D2BA7600081909B /* AppDelegate.h */,
				EF6DE0A51D2BA7600081909B /* AppDelegate.m */,
				EF6DE0A71D2BA7600081909B /* ViewController.h */,
				EF6DE0A81D2BA7600081909B /* ViewController.m */,
				EF6DE0AA1D2BA7600081909B /* Main.storyboard */,
				EF6DE0D41D2BA7D50081909B /* qgTableViewController.h */,
				EF6DE0D51D2BA7D50081909B /* qgTableViewController.m */,
				EF6DE0AD1D2BA7600081909B /* Assets.xcassets */,
				EF6DE0AF1D2BA7600081909B /* LaunchScreen.storyboard */,
				EF6DE0B21D2BA7600081909B /* Info.plist */,
				EF6DE0A11D2BA7600081909B /* Supporting Files */,
			);
			path = QGmenu;
			sourceTree = "<group>";
		};
		EF6DE0A11D2BA7600081909B /* Supporting Files */ = {
			isa = PBXGroup;
			children = (
				EF6DE0A21D2BA7600081909B /* main.m */,
			);
			name = "Supporting Files";
			sourceTree = "<group>";
		};
		EF6DE0BA1D2BA7600081909B /* QGmenuTests */ = {
			isa = PBXGroup;
			children = (
				EF6DE0BB1D2BA7600081909B /* QGmenuTests.m */,
				EF6DE0BD1D2BA7600081909B /* Info.plist */,
			);
			path = QGmenuTests;
			sourceTree = "<group>";
		};
		EF6DE0C51D2BA7600081909B /* QGmenuUITests */ = {
			isa = PBXGroup;
			children = (
				EF6DE0C61D2BA7600081909B /* QGmenuUITests.m */,
				EF6DE0C81D2BA7600081909B /* Info.plist */,
			);
			path = QGmenuUITests;
			sourceTree = "<group>";
		};
/* End PBXGroup section */

/* Begin PBXNativeTarget section */
		EF6DE09D1D2BA7600081909B /* QGmenu */ = {
			isa = PBXNativeTarget;
			buildConfigurationList = EF6DE0CB1D2BA7600081909B /* Build configuration list for PBXNativeTarget "QGmenu" */;
			buildPhases = (
				EF6DE09A1D2BA7600081909B /* Sources */,
				EF6DE09B1D2BA7600081909B /* Frameworks */,
				EF6DE09C1D2BA7600081909B /* Resources */,
			);
			buildRules = (
			);
			dependencies = (
			);
			name = QGmenu;
			productName = QGmenu;
			productReference = EF6DE09E1D2BA7600081909B /* QGmenu.app */;
			productType = "com.apple.product-type.application";
		};
		EF6DE0B61D2BA7600081909B /* QGmenuTests */ = {
			isa = PBXNativeTarget;
			buildConfigurationList = EF6DE0CE1D2BA7600081909B /* Build configuration list for PBXNativeTarget "QGmenuTests" */;
			buildPhases = (
				EF6DE0B31D2BA7600081909B /* Sources */,
				EF6DE0B41D2BA7600081909B /* Frameworks */,
				EF6DE0B51D2BA7600081909B /* Resources */,
			);
			buildRules = (
			);
			dependencies = (
				EF6DE0B91D2BA7600081909B /* PBXTargetDependency */,
			);
			name = QGmenuTests;
			productName = QGmenuTests;
			productReference = EF6DE0B71D2BA7600081909B /* QGmenuTests.xctest */;
			productType = "com.apple.product-type.bundle.unit-test";
		};
		EF6DE0C11D2BA7600081909B /* QGmenuUITests */ = {
			isa = PBXNativeTarget;
			buildConfigurationList = EF6DE0D11D2BA7600081909B /* Build configuration list for PBXNativeTarget "QGmenuUITests" */;
			buildPhases = (
				EF6DE0BE1D2BA7600081909B /* Sources */,
				EF6DE0BF1D2BA7600081909B /* Frameworks */,
				EF6DE0C01D2BA7600081909B /* Resources */,
			);
			buildRules = (
			);
			dependencies = (
				EF6DE0C41D2BA7600081909B /* PBXTargetDependency */,
			);
			name = QGmenuUITests;
			productName = QGmenuUITests;
			productReference = EF6DE0C21D2BA7600081909B /* QGmenuUITests.xctest */;
			productType = "com.apple.product-type.bundle.ui-testing";
		};
/* End PBXNativeTarget section */

/* Begin PBXProject section */
		EF6DE0961D2BA7600081909B /* Project object */ = {
			isa = PBXProject;
			attributes = {
				LastUpgradeCheck = 0730;
				ORGANIZATIONNAME = strong;
				TargetAttributes = {
					EF6DE09D1D2BA7600081909B = {
						CreatedOnToolsVersion = 7.3.1;
					};
					EF6DE0B61D2BA7600081909B = {
						CreatedOnToolsVersion = 7.3.1;
						TestTargetID = EF6DE09D1D2BA7600081909B;
					};
					EF6DE0C11D2BA7600081909B = {
						CreatedOnToolsVersion = 7.3.1;
						TestTargetID = EF6DE09D1D2BA7600081909B;
					};
				};
			};
			buildConfigurationList = EF6DE0991D2BA7600081909B /* Build configuration list for PBXProject "QGmenu" */;
			compatibilityVersion = "Xcode 3.2";
			developmentRegion = English;
			hasScannedForEncodings = 0;
			knownRegions = (
				en,
				Base,
			);
			mainGroup = EF6DE0951D2BA7600081909B;
			productRefGroup = EF6DE09F1D2BA7600081909B /* Products */;
			projectDirPath = "";
			projectRoot = "";
			targets = (
				EF6DE09D1D2BA7600081909B /* QGmenu */,
				EF6DE0B61D2BA7600081909B /* QGmenuTests */,
				EF6DE0C11D2BA7600081909B /* QGmenuUITests */,
			);
		};
/* End PBXProject section */

/* Begin PBXResourcesBuildPhase section */
		EF6DE09C1D2BA7600081909B /* Resources */ = {
			isa = PBXResourcesBuildPhase;
			buildActionMask = 2147483647;
			files = (
				EF6DE0B11D2BA7600081909B /* LaunchScreen.storyboard in Resources */,
				EF6DE0AE1D2BA7600081909B /* Assets.xcassets in Resources */,
				EF6DE0AC1D2BA7600081909B /* Main.storyboard in Resources */,
			);
			runOnlyForDeploymentPostprocessing = 0;
		};
		EF6DE0B51D2BA7600081909B /* Resources */ = {
			isa = PBXResourcesBuildPhase;
			buildActionMask = 2147483647;
			files = (
			);
			runOnlyForDeploymentPostprocessing = 0;
		};
		EF6DE0C01D2BA7600081909B /* Resources */ = {
			isa = PBXResourcesBuildPhase;
			buildActionMask = 2147483647;
			files = (
			);
			runOnlyForDeploymentPostprocessing = 0;
		};
/* End PBXResourcesBuildPhase section */

/* Begin PBXSourcesBuildPhase section */
		EF6DE09A1D2BA7600081909B /* Sources */ = {
			isa = PBXSourcesBuildPhase;
			buildActionMask = 2147483647;
			files = (
				EF6DE0A91D2BA7600081909B /* ViewController.m in Sources */,
				EF6DE0D61D2BA7D50081909B /* qgTableViewController.m in Sources */,
				EF6DE0A61D2BA7600081909B /* AppDelegate.m in Sources */,
				EF6DE0A31D2BA7600081909B /* main.m in Sources */,
			);
			runOnlyForDeploymentPostprocessing = 0;
		};
		EF6DE0B31D2BA7600081909B /* Sources */ = {
			isa = PBXSourcesBuildPhase;
			buildActionMask = 2147483647;
			files = (
				EF6DE0BC1D2BA7600081909B /* QGmenuTests.m in Sources */,
			);
			runOnlyForDeploymentPostprocessing = 0;
		};
		EF6DE0BE1D2BA7600081909B /* Sources */ = {
			isa = PBXSourcesBuildPhase;
			buildActionMask = 2147483647;
			files = (
				EF6DE0C71D2BA7600081909B /* QGmenuUITests.m in Sources */,
			);
			runOnlyForDeploymentPostprocessing = 0;
		};
/* End PBXSourcesBuildPhase section */

/* Begin PBXTargetDependency section */
		EF6DE0B91D2BA7600081909B /* PBXTargetDependency */ = {
			isa = PBXTargetDependency;
			target = EF6DE09D1D2BA7600081909B /* QGmenu */;
			targetProxy = EF6DE0B81D2BA7600081909B /* PBXContainerItemProxy */;
		};
		EF6DE0C41D2BA7600081909B /* PBXTargetDependency */ = {
			isa = PBXTargetDependency;
			target = EF6DE09D1D2BA7600081909B /* QGmenu */;
			targetProxy = EF6DE0C31D2BA7600081909B /* PBXContainerItemProxy */;
		};
/* End PBXTargetDependency section */

/* Begin PBXVariantGroup section */
		EF6DE0AA1D2BA7600081909B /* Main.storyboard */ = {
			isa = PBXVariantGroup;
			children = (
				EF6DE0AB1D2BA7600081909B /* Base */,
			);
			name = Main.storyboard;
			sourceTree = "<group>";
		};
		EF6DE0AF1D2BA7600081909B /* LaunchScreen.storyboard */ = {
			isa = PBXVariantGroup;
			children = (
				EF6DE0B01D2BA7600081909B /* Base */,
			);
			name = LaunchScreen.storyboard;
			sourceTree = "<group>";
		};
/* End PBXVariantGroup section */

/* Begin XCBuildConfiguration section */
		EF6DE0C91D2BA7600081909B /* Debug */ = {
			isa = XCBuildConfiguration;
			buildSettings = {
				ALWAYS_SEARCH_USER_PATHS = NO;
				CLANG_ANALYZER_NONNULL = YES;
				CLANG_CXX_LANGUAGE_STANDARD = "gnu++0x";
				CLANG_CXX_LIBRARY = "libc++";
				CLANG_ENABLE_MODULES = YES;
				CLANG_ENABLE_OBJC_ARC = YES;
				CLANG_WARN_BOOL_CONVERSION = YES;
				CLANG_WARN_CONSTANT_CONVERSION = YES;
				CLANG_WARN_DIRECT_OBJC_ISA_USAGE = YES_ERROR;
				CLANG_WARN_EMPTY_BODY = YES;
				CLANG_WARN_ENUM_CONVERSION = YES;
				CLANG_WARN_INT_CONVERSION = YES;
				CLANG_WARN_OBJC_ROOT_CLASS = YES_ERROR;
				CLANG_WARN_UNREACHABLE_CODE = YES;
				CLANG_WARN__DUPLICATE_METHOD_MATCH = YES;
				"CODE_SIGN_IDENTITY[sdk=iphoneos*]" = "iPhone Developer";
				COPY_PHASE_STRIP = NO;
				DEBUG_INFORMATION_FORMAT = dwarf;
				ENABLE_STRICT_OBJC_MSGSEND = YES;
				ENABLE_TESTABILITY = YES;
				GCC_C_LANGUAGE_STANDARD = gnu99;
				GCC_DYNAMIC_NO_PIC = NO;
				GCC_NO_COMMON_BLOCKS = YES;
				GCC_OPTIMIZATION_LEVEL = 0;
				GCC_PREPROCESSOR_DEFINITIONS = (
					"DEBUG=1",
					"$(inherited)",
				);
				GCC_WARN_64_TO_32_BIT_CONVERSION = YES;
				GCC_WARN_ABOUT_RETURN_TYPE = YES_ERROR;
				GCC_WARN_UNDECLARED_SELECTOR = YES;
				GCC_WARN_UNINITIALIZED_AUTOS = YES_AGGRESSIVE;
				GCC_WARN_UNUSED_FUNCTION = YES;
				GCC_WARN_UNUSED_VARIABLE = YES;
				IPHONEOS_DEPLOYMENT_TARGET = 9.3;
				MTL_ENABLE_DEBUG_INFO = YES;
				ONLY_ACTIVE_ARCH = YES;
				SDKROOT = iphoneos;
			};
			name = Debug;
		};
		EF6DE0CA1D2BA7600081909B /* Release */ = {
			isa = XCBuildConfiguration;
			buildSettings = {
				ALWAYS_SEARCH_USER_PATHS = NO;
				CLANG_ANALYZER_NONNULL = YES;
				CLANG_CXX_LANGUAGE_STANDARD = "gnu++0x";
				CLANG_CXX_LIBRARY = "libc++";
				CLANG_ENABLE_MODULES = YES;
				CLANG_ENABLE_OBJC_ARC = YES;
				CLANG_WARN_BOOL_CONVERSION = YES;
				CLANG_WARN_CONSTANT_CONVERSION = YES;
				CLANG_WARN_DIRECT_OBJC_ISA_USAGE = YES_ERROR;
				CLANG_WARN_EMPTY_BODY = YES;
				CLANG_WARN_ENUM_CONVERSION = YES;
				CLANG_WARN_INT_CONVERSION = YES;
				CLANG_WARN_OBJC_ROOT_CLASS = YES_ERROR;
				CLANG_WARN_UNREACHABLE_CODE = YES;
				CLANG_WARN__DUPLICATE_METHOD_MATCH = YES;
				"CODE_SIGN_IDENTITY[sdk=iphoneos*]" = "iPhone Developer";
				COPY_PHASE_STRIP = NO;
				DEBUG_INFORMATION_FORMAT = "dwarf-with-dsym";
				ENABLE_NS_ASSERTIONS = NO;
				ENABLE_STRICT_OBJC_MSGSEND = YES;
				GCC_C_LANGUAGE_STANDARD = gnu99;
				GCC_NO_COMMON_BLOCKS = YES;
				GCC_WARN_64_TO_32_BIT_CONVERSION = YES;
				GCC_WARN_ABOUT_RETURN_TYPE = YES_ERROR;
				GCC_WARN_UNDECLARED_SELECTOR = YES;
				GCC_WARN_UNINITIALIZED_AUTOS = YES_AGGRESSIVE;
				GCC_WARN_UNUSED_FUNCTION = YES;
				GCC_WARN_UNUSED_VARIABLE = YES;
				IPHONEOS_DEPLOYMENT_TARGET = 9.3;
				MTL_ENABLE_DEBUG_INFO = NO;
				SDKROOT = iphoneos;
				VALIDATE_PRODUCT = YES;
			};
			name = Release;
		};
		EF6DE0CC1D2BA7600081909B /* Debug */ = {
			isa = XCBuildConfiguration;
			buildSettings = {
				ASSETCATALOG_COMPILER_APPICON_NAME = AppIcon;
				INFOPLIST_FILE = QGmenu/Info.plist;
				LD_RUNPATH_SEARCH_PATHS = "$(inherited) @executable_path/Frameworks";
				PRODUCT_BUNDLE_IDENTIFIER = cn.gomro.QGmenu;
				PRODUCT_NAME = "$(TARGET_NAME)";
			};
			name = Debug;
		};
		EF6DE0CD1D2BA7600081909B /* Release */ = {
			isa = XCBuildConfiguration;
			buildSettings = {
				ASSETCATALOG_COMPILER_APPICON_NAME = AppIcon;
				INFOPLIST_FILE = QGmenu/Info.plist;
				LD_RUNPATH_SEARCH_PATHS = "$(inherited) @executable_path/Frameworks";
				PRODUCT_BUNDLE_IDENTIFIER = cn.gomro.QGmenu;
				PRODUCT_NAME = "$(TARGET_NAME)";
			};
			name = Release;
		};
		EF6DE0CF1D2BA7600081909B /* Debug */ = {
			isa = XCBuildConfiguration;
			buildSettings = {
				BUNDLE_LOADER = "$(TEST_HOST)";
				INFOPLIST_FILE = QGmenuTests/Info.plist;
				LD_RUNPATH_SEARCH_PATHS = "$(inherited) @executable_path/Frameworks @loader_path/Frameworks";
				PRODUCT_BUNDLE_IDENTIFIER = cn.gomro.QGmenuTests;
				PRODUCT_NAME = "$(TARGET_NAME)";
				TEST_HOST = "$(BUILT_PRODUCTS_DIR)/QGmenu.app/QGmenu";
			};
			name = Debug;
		};
		EF6DE0D01D2BA7600081909B /* Release */ = {
			isa = XCBuildConfiguration;
			buildSettings = {
				BUNDLE_LOADER = "$(TEST_HOST)";
				INFOPLIST_FILE = QGmenuTests/Info.plist;
				LD_RUNPATH_SEARCH_PATHS = "$(inherited) @executable_path/Frameworks @loader_path/Frameworks";
				PRODUCT_BUNDLE_IDENTIFIER = cn.gomro.QGmenuTests;
				PRODUCT_NAME = "$(TARGET_NAME)";
				TEST_HOST = "$(BUILT_PRODUCTS_DIR)/QGmenu.app/QGmenu";
			};
			name = Release;
		};
		EF6DE0D21D2BA7600081909B /* Debug */ = {
			isa = XCBuildConfiguration;
			buildSettings = {
				INFOPLIST_FILE = QGmenuUITests/Info.plist;
				LD_RUNPATH_SEARCH_PATHS = "$(inherited) @executable_path/Frameworks @loader_path/Frameworks";
				PRODUCT_BUNDLE_IDENTIFIER = cn.gomro.QGmenuUITests;
				PRODUCT_NAME = "$(TARGET_NAME)";
				TEST_TARGET_NAME = QGmenu;
			};
			name = Debug;
		};
		EF6DE0D31D2BA7600081909B /* Release */ = {
			isa = XCBuildConfiguration;
			buildSettings = {
				INFOPLIST_FILE = QGmenuUITests/Info.plist;
				LD_RUNPATH_SEARCH_PATHS = "$(inherited) @executable_path/Frameworks @loader_path/Frameworks";
				PRODUCT_BUNDLE_IDENTIFIER = cn.gomro.QGmenuUITests;
				PRODUCT_NAME = "$(TARGET_NAME)";
				TEST_TARGET_NAME = QGmenu;
			};
			name = Release;
		};
/* End XCBuildConfiguration section */

/* Begin XCConfigurationList section */
		EF6DE0991D2BA7600081909B /* Build configuration list for PBXProject "QGmenu" */ = {
			isa = XCConfigurationList;
			buildConfigurations = (
				EF6DE0C91D2BA7600081909B /* Debug */,
				EF6DE0CA1D2BA7600081909B /* Release */,
			);
			defaultConfigurationIsVisible = 0;
			defaultConfigurationName = Release;
		};
		EF6DE0CB1D2BA7600081909B /* Build configuration list for PBXNativeTarget "QGmenu" */ = {
			isa = XCConfigurationList;
			buildConfigurations = (
				EF6DE0CC1D2BA7600081909B /* Debug */,
				EF6DE0CD1D2BA7600081909B /* Release */,
			);
			defaultConfigurationIsVisible = 0;
		};
		EF6DE0CE1D2BA7600081909B /* Build configuration list for PBXNativeTarget "QGmenuTests" */ = {
			isa = XCConfigurationList;
			buildConfigurations = (
				EF6DE0CF1D2BA7600081909B /* Debug */,
				EF6DE0D01D2BA7600081909B /* Release */,
			);
			defaultConfigurationIsVisible = 0;
		};
		EF6DE0D11D2BA7600081909B /* Build configuration list for PBXNativeTarget "QGmenuUITests" */ = {
			isa = XCConfigurationList;
			buildConfigurations = (
				EF6DE0D21D2BA7600081909B /* Debug */,
				EF6DE0D31D2BA7600081909B /* Release */,
			);
			defaultConfigurationIsVisible = 0;
		};
/* End XCConfigurationList section */
	};
	rootObject = EF6DE0961D2BA7600081909B /* Project object */;
}
